
Microsoft Visual Studio Solution File, Format Version 12.00
# Visual Studio Version 17
VisualStudioVersion = 17.14.36301.6 d17.14
MinimumVisualStudioVersion = 10.0.40219.1
Project("{FAE04EC0-301F-11D3-BF4B-00C04F79EFBC}") = "com.glu.game", "com.glu.game\com.glu.game.csproj", "{4D6A1BFF-DF2F-4873-A5B8-D2A4FE002330}"
EndProject
Project("{FAE04EC0-301F-11D3-BF4B-00C04F79EFBC}") = "shared", "shared\shared.csproj", "{50019C4D-D31D-4FBE-A240-E19661B7DBF3}"
EndProject
Project("{FAE04EC0-301F-11D3-BF4B-00C04F79EFBC}") = "resgen", "resgen\resgen.csproj", "{D48614AC-A34D-44B0-9C2F-9A440036C8A4}"
EndProject
Project("{FAE04EC0-301F-11D3-BF4B-00C04F79EFBC}") = "binary", "binary\binary.csproj", "{677B8911-3F98-46B5-B4EF-35B5C595985C}"
EndProject
Global
	GlobalSection(SolutionConfigurationPlatforms) = preSolution
		Debug|ARM = Debug|ARM
		Debug|ARM64 = Debug|ARM64
		Debug|x64 = Debug|x64
		Debug|x86 = Debug|x86
		Release|ARM = Release|ARM
		Release|ARM64 = Release|ARM64
		Release|x64 = Release|x64
		Release|x86 = Release|x86
	EndGlobalSection
	GlobalSection(ProjectConfigurationPlatforms) = postSolution
		{4D6A1BFF-DF2F-4873-A5B8-D2A4FE002330}.Debug|ARM.ActiveCfg = Debug|ARM
		{4D6A1BFF-DF2F-4873-A5B8-D2A4FE002330}.Debug|ARM.Build.0 = Debug|ARM
		{4D6A1BFF-DF2F-4873-A5B8-D2A4FE002330}.Debug|ARM.Deploy.0 = Debug|ARM
		{4D6A1BFF-DF2F-4873-A5B8-D2A4FE002330}.Debug|ARM64.ActiveCfg = Debug|ARM64
		{4D6A1BFF-DF2F-4873-A5B8-D2A4FE002330}.Debug|ARM64.Build.0 = Debug|ARM64
		{4D6A1BFF-DF2F-4873-A5B8-D2A4FE002330}.Debug|ARM64.Deploy.0 = Debug|ARM64
		{4D6A1BFF-DF2F-4873-A5B8-D2A4FE002330}.Debug|x64.ActiveCfg = Debug|x64
		{4D6A1BFF-DF2F-4873-A5B8-D2A4FE002330}.Debug|x64.Build.0 = Debug|x64
		{4D6A1BFF-DF2F-4873-A5B8-D2A4FE002330}.Debug|x64.Deploy.0 = Debug|x64
		{4D6A1BFF-DF2F-4873-A5B8-D2A4FE002330}.Debug|x86.ActiveCfg = Debug|x86
		{4D6A1BFF-DF2F-4873-A5B8-D2A4FE002330}.Debug|x86.Build.0 = Debug|x86
		{4D6A1BFF-DF2F-4873-A5B8-D2A4FE002330}.Debug|x86.Deploy.0 = Debug|x86
		{4D6A1BFF-DF2F-4873-A5B8-D2A4FE002330}.Release|ARM.ActiveCfg = Release|ARM
		{4D6A1BFF-DF2F-4873-A5B8-D2A4FE002330}.Release|ARM.Build.0 = Release|ARM
		{4D6A1BFF-DF2F-4873-A5B8-D2A4FE002330}.Release|ARM.Deploy.0 = Release|ARM
		{4D6A1BFF-DF2F-4873-A5B8-D2A4FE002330}.Release|ARM64.ActiveCfg = Release|ARM64
		{4D6A1BFF-DF2F-4873-A5B8-D2A4FE002330}.Release|ARM64.Build.0 = Release|ARM64
		{4D6A1BFF-DF2F-4873-A5B8-D2A4FE002330}.Release|ARM64.Deploy.0 = Release|ARM64
		{4D6A1BFF-DF2F-4873-A5B8-D2A4FE002330}.Release|x64.ActiveCfg = Release|x64
		{4D6A1BFF-DF2F-4873-A5B8-D2A4FE002330}.Release|x64.Build.0 = Release|x64
		{4D6A1BFF-DF2F-4873-A5B8-D2A4FE002330}.Release|x64.Deploy.0 = Release|x64
		{4D6A1BFF-DF2F-4873-A5B8-D2A4FE002330}.Release|x86.ActiveCfg = Release|x86
		{4D6A1BFF-DF2F-4873-A5B8-D2A4FE002330}.Release|x86.Build.0 = Release|x86
		{4D6A1BFF-DF2F-4873-A5B8-D2A4FE002330}.Release|x86.Deploy.0 = Release|x86
		{50019C4D-D31D-4FBE-A240-E19661B7DBF3}.Debug|ARM.ActiveCfg = Debug|ARM
		{50019C4D-D31D-4FBE-A240-E19661B7DBF3}.Debug|ARM.Build.0 = Debug|ARM
		{50019C4D-D31D-4FBE-A240-E19661B7DBF3}.Debug|ARM64.ActiveCfg = Debug|ARM64
		{50019C4D-D31D-4FBE-A240-E19661B7DBF3}.Debug|ARM64.Build.0 = Debug|ARM64
		{50019C4D-D31D-4FBE-A240-E19661B7DBF3}.Debug|x64.ActiveCfg = Debug|x64
		{50019C4D-D31D-4FBE-A240-E19661B7DBF3}.Debug|x64.Build.0 = Debug|x64
		{50019C4D-D31D-4FBE-A240-E19661B7DBF3}.Debug|x86.ActiveCfg = Debug|x86
		{50019C4D-D31D-4FBE-A240-E19661B7DBF3}.Debug|x86.Build.0 = Debug|x86
		{50019C4D-D31D-4FBE-A240-E19661B7DBF3}.Release|ARM.ActiveCfg = Release|ARM
		{50019C4D-D31D-4FBE-A240-E19661B7DBF3}.Release|ARM.Build.0 = Release|ARM
		{50019C4D-D31D-4FBE-A240-E19661B7DBF3}.Release|ARM64.ActiveCfg = Release|ARM64
		{50019C4D-D31D-4FBE-A240-E19661B7DBF3}.Release|ARM64.Build.0 = Release|ARM64
		{50019C4D-D31D-4FBE-A240-E19661B7DBF3}.Release|x64.ActiveCfg = Release|x64
		{50019C4D-D31D-4FBE-A240-E19661B7DBF3}.Release|x64.Build.0 = Release|x64
		{50019C4D-D31D-4FBE-A240-E19661B7DBF3}.Release|x86.ActiveCfg = Release|x86
		{50019C4D-D31D-4FBE-A240-E19661B7DBF3}.Release|x86.Build.0 = Release|x86
		{D48614AC-A34D-44B0-9C2F-9A440036C8A4}.Debug|ARM.ActiveCfg = Debug|ARM
		{D48614AC-A34D-44B0-9C2F-9A440036C8A4}.Debug|ARM.Build.0 = Debug|ARM
		{D48614AC-A34D-44B0-9C2F-9A440036C8A4}.Debug|ARM64.ActiveCfg = Debug|ARM64
		{D48614AC-A34D-44B0-9C2F-9A440036C8A4}.Debug|ARM64.Build.0 = Debug|ARM64
		{D48614AC-A34D-44B0-9C2F-9A440036C8A4}.Debug|x64.ActiveCfg = Debug|x64
		{D48614AC-A34D-44B0-9C2F-9A440036C8A4}.Debug|x64.Build.0 = Debug|x64
		{D48614AC-A34D-44B0-9C2F-9A440036C8A4}.Debug|x86.ActiveCfg = Debug|x86
		{D48614AC-A34D-44B0-9C2F-9A440036C8A4}.Debug|x86.Build.0 = Debug|x86
		{D48614AC-A34D-44B0-9C2F-9A440036C8A4}.Release|ARM.ActiveCfg = Release|ARM
		{D48614AC-A34D-44B0-9C2F-9A440036C8A4}.Release|ARM.Build.0 = Release|ARM
		{D48614AC-A34D-44B0-9C2F-9A440036C8A4}.Release|ARM64.ActiveCfg = Release|ARM64
		{D48614AC-A34D-44B0-9C2F-9A440036C8A4}.Release|ARM64.Build.0 = Release|ARM64
		{D48614AC-A34D-44B0-9C2F-9A440036C8A4}.Release|x64.ActiveCfg = Release|x64
		{D48614AC-A34D-44B0-9C2F-9A440036C8A4}.Release|x64.Build.0 = Release|x64
		{D48614AC-A34D-44B0-9C2F-9A440036C8A4}.Release|x86.ActiveCfg = Release|x86
		{D48614AC-A34D-44B0-9C2F-9A440036C8A4}.Release|x86.Build.0 = Release|x86
		{677B8911-3F98-46B5-B4EF-35B5C595985C}.Debug|ARM.ActiveCfg = Debug|ARM
		{677B8911-3F98-46B5-B4EF-35B5C595985C}.Debug|ARM.Build.0 = Debug|ARM
		{677B8911-3F98-46B5-B4EF-35B5C595985C}.Debug|ARM64.ActiveCfg = Debug|ARM64
		{677B8911-3F98-46B5-B4EF-35B5C595985C}.Debug|ARM64.Build.0 = Debug|ARM64
		{677B8911-3F98-46B5-B4EF-35B5C595985C}.Debug|x64.ActiveCfg = Debug|x64
		{677B8911-3F98-46B5-B4EF-35B5C595985C}.Debug|x64.Build.0 = Debug|x64
		{677B8911-3F98-46B5-B4EF-35B5C595985C}.Debug|x86.ActiveCfg = Debug|x86
		{677B8911-3F98-46B5-B4EF-35B5C595985C}.Debug|x86.Build.0 = Debug|x86
		{677B8911-3F98-46B5-B4EF-35B5C595985C}.Release|ARM.ActiveCfg = Release|ARM
		{677B8911-3F98-46B5-B4EF-35B5C595985C}.Release|ARM.Build.0 = Release|ARM
		{677B8911-3F98-46B5-B4EF-35B5C595985C}.Release|ARM64.ActiveCfg = Release|ARM64
		{677B8911-3F98-46B5-B4EF-35B5C595985C}.Release|ARM64.Build.0 = Release|ARM64
		{677B8911-3F98-46B5-B4EF-35B5C595985C}.Release|x64.ActiveCfg = Release|x64
		{677B8911-3F98-46B5-B4EF-35B5C595985C}.Release|x64.Build.0 = Release|x64
		{677B8911-3F98-46B5-B4EF-35B5C595985C}.Release|x86.ActiveCfg = Release|x86
		{677B8911-3F98-46B5-B4EF-35B5C595985C}.Release|x86.Build.0 = Release|x86
	EndGlobalSection
	GlobalSection(SolutionProperties) = preSolution
		HideSolutionNode = FALSE
	EndGlobalSection
	GlobalSection(ExtensibilityGlobals) = postSolution
		SolutionGuid = {23911CE0-16B6-4151-AF71-3DB6C8A3A21B}
	EndGlobalSection
EndGlobal
